github.com/anubhavitis/BookShelf/auth v0.0.0-20200704073526-ec26c0c66e62 h1:az+JhT+WDg4WlL4J0GgVX2O4o4VNFIuTF/Rail1/Y28=
github.com/anubhavitis/BookShelf/auth v0.0.0-20200704073526-ec26c0c66e62/go.mod h1:T38Io152ax2OhQleWWRrOszeOfRnXpBsgscsydaIank=
github.com/anubhavitis/BookShelf/auth v0.0.0-20200704085421-c688ccdd30bb h1:EweGBe+sUO7YR1lKG/sPnQn/5JrVcX4ekS1PK85A6EM=
github.com/anubhavitis/BookShelf/auth v0.0.0-20200704085421-c688ccdd30bb/go.mod h1:T38Io152ax2OhQleWWRrOszeOfRnXpBsgscsydaIank=
github.com/anubhavitis/BookShelf/auth v0.0.0-20200705083833-cca533891330 h1:ueVvRjArIpw46NOFweYtJZJ8r+ki/2FB0aZtYhIOCp0=
github.com/anubhavitis/BookShelf/auth v0.0.0-20200705083833-cca533891330/go.mod h1:T38Io152ax2OhQleWWRrOszeOfRnXpBsgscsydaIank=
github.com/anubhavitis/BookShelf/auth v0.0.0-20200705115121-de3207d1aa4d h1:s25vt05ZW8tX4aXQS0OmX9NuogclBju2br4oxPmApBs=
github.com/anubhavitis/BookShelf/auth v0.0.0-20200705115121-de3207d1aa4d/go.mod h1:T38Io152ax2OhQleWWRrOszeOfRnXpBsgscsydaIank=
github.com/anubhavitis/BookShelf/auth v0.0.0-20200705160948-9d8527c47ff3 h1:fHl5/PIfNwatkyEODF+F93JO7oImvR4pNHufLhzn548=
github.com/anubhavitis/BookShelf/auth v0.0.0-20200705160948-9d8527c47ff3/go.mod h1:T38Io152ax2OhQleWWRrOszeOfRnXpBsgscsydaIank=
github.com/anubhavitis/BookShelf/database v0.0.0-20200704070756-38f1a95b55a0 h1:QQ6HKsIbogf8vjqzqLLw3sG8TJyl61WbAThv8yMH+CQ=
github.com/anubhavitis/BookShelf/database v0.0.0-20200704070756-38f1a95b55a0/go.mod h1:c8jgP9Ab8n0+Ir5nu6CoMhSbLhAdp4RPf9tuCtt2xHQ=
github.com/anubhavitis/BookShelf/database v0.0.0-20200704083433-73d070294cfe h1:LDOpIu+saUYu0nJX8wRTpKAs0MdBlS8JL2ISamTC1a8=
github.com/anubhavitis/BookShelf/database v0.0.0-20200704083433-73d070294cfe/go.mod h1:SEQwhUKyOt7esnnpY/ZEjIsXPmmiIbcsQ3MfZms6FsI=
github.com/anubhavitis/BookShelf/database v0.0.0-20200705115121-de3207d1aa4d h1:Jslwq32XaaVjmy9T2Z2UuY4YtC9vhAAhDwFF9qFCyGI=
github.com/anubhavitis/BookShelf/database v0.0.0-20200705115121-de3207d1aa4d/go.mod h1:SEQwhUKyOt7esnnpY/ZEjIsXPmmiIbcsQ3MfZms6FsI=
github.com/anubhavitis/BookShelf/database v0.0.0-20200705160421-5f86ea342385 h1:wIzTqNLSsq5/6A0zTAkFtdrJmIQYkS7k2Doc4uhCGm4=
github.com/anubhavitis/BookShelf/database v0.0.0-20200705160421-5f86ea342385/go.mod h1:SEQwhUKyOt7esnnpY/ZEjIsXPmmiIbcsQ3MfZms6FsI=
github.com/anubhavitis/BookShelf/database v0.0.0-20200706045911-621a7699b689 h1:NSQtR69C6rA/WxRO1BXXWoPRcutgzbEoBXTjXZ+7KeY=
github.com/anubhavitis/BookShelf/database v0.0.0-20200706045911-621a7699b689/go.mod h1:SEQwhUKyOt7esnnpY/ZEjIsXPmmiIbcsQ3MfZms6FsI=
github.com/anubhavitis/BookShelf/database v0.0.0-20200706063153-29773415f4c3 h1:wzj5MquK1K2AcrFksTqL7BZf1/nAry3gQyP9K+bH9S0=
github.com/anubhavitis/BookShelf/database v0.0.0-20200706063153-29773415f4c3/go.mod h1:SEQwhUKyOt7esnnpY/ZEjIsXPmmiIbcsQ3MfZms6FsI=
github.com/anubhavitis/BookShelf/database v0.0.0-20200706101741-6a649ccd67db h1:lAYsiKtRUw7BFUz/6/eFU27NPEhVHZPr8qmc5GPIiuY=
github.com/anubhavitis/BookShelf/database v0.0.0-20200706101741-6a649ccd67db/go.mod h1:SEQwhUKyOt7esnnpY/ZEjIsXPmmiIbcsQ3MfZms6FsI=
github.com/anubhavitis/BookShelf/database v0.0.0-20200706104248-e57f1500310d h1:pyY37u10oljMd+XyV8X72eLKFOrnNH6LD7ml0vip3FM=
github.com/anubhavitis/BookShelf/database v0.0.0-20200706104248-e57f1500310d/go.mod h1:SEQwhUKyOt7esnnpY/ZEjIsXPmmiIbcsQ3MfZms6FsI=
github.com/anubhavitis/BookShelf/database v0.0.0-20200706110638-8c7cd85bda7f h1:A+ngJf59Y6Vuhbx1KagPRSDGXRWBlPBbdenRAGrPYuQ=
github.com/anubhavitis/BookShelf/database v0.0.0-20200706110638-8c7cd85bda7f/go.mod h1:SEQwhUKyOt7esnnpY/ZEjIsXPmmiIbcsQ3MfZms6FsI=
github.com/anubhavitis/BookShelf/database v0.0.0-20200706154618-66ed982c28f8 h1:/BMIHspQXF46NjptIdcom94GONDuy6yczKGyw5uekyM=
github.com/anubhavitis/BookShelf/database v0.0.0-20200706154618-66ed982c28f8/go.mod h1:SEQwhUKyOt7esnnpY/ZEjIsXPmmiIbcsQ3MfZms6FsI=
github.com/go-sql-driver/mysql v1.5.0 h1:ozyZYNQW3x3HtqT1jira07DN2PArx2v7/mN66gGcHOs=
github.com/go-sql-driver/mysql v1.5.0/go.mod h1:DCzpHaOWr8IXmIStZouvnhqoel9Qv2LBy8hT2VhHyBg=
github.com/google/uuid v1.1.1 h1:Gkbcsh/GbpXz7lPftLA3P6TYMwjCLYm83jiFQZF/3gY=
github.com/google/uuid v1.1.1/go.mod h1:TIyPZe4MgqvfeYDBFedMoGGpEw/LqOeaOT+nhxU+yHo=
github.com/gorilla/securecookie v1.1.1 h1:miw7JPhV+b/lAHSXz4qd/nN9jRiAFV5FwjeKyCS8BvQ=
github.com/gorilla/securecookie v1.1.1/go.mod h1:ra0sb63/xPlUeL+yeDciTfxMRAA+MP+HVt/4epWDjd4=
github.com/gorilla/sessions v1.2.0 h1:S7P+1Hm5V/AT9cjEcUD5uDaQSX0OE577aCXgoaKpYbQ=
github.com/gorilla/sessions v1.2.0/go.mod h1:dk2InVEVJ0sfLlnXv9EAgkf6ecYs/i80K/zI+bUmuGM=
